// !$*UTF8*$!
{
	archiveVersion = 1;
	classes = {
	};
	objectVersion = 46;
	objects = {

/* Begin PBXBuildFile section */
		27360DB81CFD984300493F34 /* main.m in Sources */ = {isa = PBXBuildFile; fileRef = 27360DB71CFD984300493F34 /* main.m */; };
		27360DBB1CFD984300493F34 /* AppDelegate.m in Sources */ = {isa = PBXBuildFile; fileRef = 27360DBA1CFD984300493F34 /* AppDelegate.m */; };
		27360DBE1CFD984300493F34 /* ViewController.m in Sources */ = {isa = PBXBuildFile; fileRef = 27360DBD1CFD984300493F34 /* ViewController.m */; };
		27360DC11CFD984300493F34 /* Main.storyboard in Resources */ = {isa = PBXBuildFile; fileRef = 27360DBF1CFD984300493F34 /* Main.storyboard */; };
		27360DC31CFD984300493F34 /* Assets.xcassets in Resources */ = {isa = PBXBuildFile; fileRef = 27360DC21CFD984300493F34 /* Assets.xcassets */; };
		27360DC61CFD984300493F34 /* LaunchScreen.storyboard in Resources */ = {isa = PBXBuildFile; fileRef = 27360DC41CFD984300493F34 /* LaunchScreen.storyboard */; };
		27360DD11CFD984300493F34 /* RefreshDemoTests.m in Sources */ = {isa = PBXBuildFile; fileRef = 27360DD01CFD984300493F34 /* RefreshDemoTests.m */; };
		27360DDC1CFD984300493F34 /* RefreshDemoUITests.m in Sources */ = {isa = PBXBuildFile; fileRef = 27360DDB1CFD984300493F34 /* RefreshDemoUITests.m */; };
/* End PBXBuildFile section */

/* Begin PBXContainerItemProxy section */
		27360DCD1CFD984300493F34 /* PBXContainerItemProxy */ = {
			isa = PBXContainerItemProxy;
			containerPortal = 27360DAB1CFD984300493F34 /* Project object */;
			proxyType = 1;
			remoteGlobalIDString = 27360DB21CFD984300493F34;
			remoteInfo = RefreshDemo;
		};
		27360DD81CFD984300493F34 /* PBXContainerItemProxy */ = {
			isa = PBXContainerItemProxy;
			containerPortal = 27360DAB1CFD984300493F34 /* Project object */;
			proxyType = 1;
			remoteGlobalIDString = 27360DB21CFD984300493F34;
			remoteInfo = RefreshDemo;
		};
/* End PBXContainerItemProxy section */

/* Begin PBXFileReference section */
		27360DB31CFD984300493F34 /* RefreshDemo.app */ = {isa = PBXFileReference; explicitFileType = wrapper.application; includeInIndex = 0; path = RefreshDemo.app; sourceTree = BUILT_PRODUCTS_DIR; };
		27360DB71CFD984300493F34 /* main.m */ = {isa = PBXFileReference; lastKnownFileType = sourcecode.c.objc; path = main.m; sourceTree = "<group>"; };
		27360DB91CFD984300493F34 /* AppDelegate.h */ = {isa = PBXFileReference; lastKnownFileType = sourcecode.c.h; path = AppDelegate.h; sourceTree = "<group>"; };
		27360DBA1CFD984300493F34 /* AppDelegate.m */ = {isa = PBXFileReference; lastKnownFileType = sourcecode.c.objc; path = AppDelegate.m; sourceTree = "<group>"; };
		27360DBC1CFD984300493F34 /* ViewController.h */ = {isa = PBXFileReference; lastKnownFileType = sourcecode.c.h; path = ViewController.h; sourceTree = "<group>"; };
		27360DBD1CFD984300493F34 /* ViewController.m */ = {isa = PBXFileReference; lastKnownFileType = sourcecode.c.objc; path = ViewController.m; sourceTree = "<group>"; };
		27360DC01CFD984300493F34 /* Base */ = {isa = PBXFileReference; lastKnownFileType = file.storyboard; name = Base; path = Base.lproj/Main.storyboard; sourceTree = "<group>"; };
		27360DC21CFD984300493F34 /* Assets.xcassets */ = {isa = PBXFileReference; lastKnownFileType = folder.assetcatalog; path = Assets.xcassets; sourceTree = "<group>"; };
		27360DC51CFD984300493F34 /* Base */ = {isa = PBXFileReference; lastKnownFileType = file.storyboard; name = Base; path = Base.lproj/LaunchScreen.storyboard; sourceTree = "<group>"; };
		27360DC71CFD984300493F34 /* Info.plist */ = {isa = PBXFileReference; lastKnownFileType = text.plist.xml; path = Info.plist; sourceTree = "<group>"; };
		27360DCC1CFD984300493F34 /* RefreshDemoTests.xctest */ = {isa = PBXFileReference; explicitFileType = wrapper.cfbundle; includeInIndex = 0; path = RefreshDemoTests.xctest; sourceTree = BUILT_PRODUCTS_DIR; };
		27360DD01CFD984300493F34 /* RefreshDemoTests.m */ = {isa = PBXFileReference; lastKnownFileType = sourcecode.c.objc; path = RefreshDemoTests.m; sourceTree = "<group>"; };
		27360DD21CFD984300493F34 /* Info.plist */ = {isa = PBXFileReference; lastKnownFileType = text.plist.xml; path = Info.plist; sourceTree = "<group>"; };
		27360DD71CFD984300493F34 /* RefreshDemoUITests.xctest */ = {isa = PBXFileReference; explicitFileType = wrapper.cfbundle; includeInIndex = 0; path = RefreshDemoUITests.xctest; sourceTree = BUILT_PRODUCTS_DIR; };
		27360DDB1CFD984300493F34 /* RefreshDemoUITests.m */ = {isa = PBXFileReference; lastKnownFileType = sourcecode.c.objc; path = RefreshDemoUITests.m; sourceTree = "<group>"; };
		27360DDD1CFD984300493F34 /* Info.plist */ = {isa = PBXFileReference; lastKnownFileType = text.plist.xml; path = Info.plist; sourceTree = "<group>"; };
/* End PBXFileReference section */

/* Begin PBXFrameworksBuildPhase section */
		27360DB01CFD984300493F34 /* Frameworks */ = {
			isa = PBXFrameworksBuildPhase;
			buildActionMask = 2147483647;
			files = (
			);
			runOnlyForDeploymentPostprocessing = 0;
		};
		27360DC91CFD984300493F34 /* Frameworks */ = {
			isa = PBXFrameworksBuildPhase;
			buildActionMask = 2147483647;
			files = (
			);
			runOnlyForDeploymentPostprocessing = 0;
		};
		27360DD41CFD984300493F34 /* Frameworks */ = {
			isa = PBXFrameworksBuildPhase;
			buildActionMask = 2147483647;
			files = (
			);
			runOnlyForDeploymentPostprocessing = 0;
		};
/* End PBXFrameworksBuildPhase section */

/* Begin PBXGroup section */
		27360DAA1CFD984300493F34 = {
			isa = PBXGroup;
			children = (
				27360DB51CFD984300493F34 /* RefreshDemo */,
				27360DCF1CFD984300493F34 /* RefreshDemoTests */,
				27360DDA1CFD984300493F34 /* RefreshDemoUITests */,
				27360DB41CFD984300493F34 /* Products */,
			);
			sourceTree = "<group>";
		};
		27360DB41CFD984300493F34 /* Products */ = {
			isa = PBXGroup;
			children = (
				27360DB31CFD984300493F34 /* RefreshDemo.app */,
				27360DCC1CFD984300493F34 /* RefreshDemoTests.xctest */,
				27360DD71CFD984300493F34 /* RefreshDemoUITests.xctest */,
			);
			name = Products;
			sourceTree = "<group>";
		};
		27360DB51CFD984300493F34 /* RefreshDemo */ = {
			isa = PBXGroup;
			children = (
				27360DB91CFD984300493F34 /* AppDelegate.h */,
				27360DBA1CFD984300493F34 /* AppDelegate.m */,
				27360DBC1CFD984300493F34 /* ViewController.h */,
				27360DBD1CFD984300493F34 /* ViewController.m */,
				27360DBF1CFD984300493F34 /* Main.storyboard */,
				27360DC21CFD984300493F34 /* Assets.xcassets */,
				27360DC41CFD984300493F34 /* LaunchScreen.storyboard */,
				27360DC71CFD984300493F34 /* Info.plist */,
				27360DB61CFD984300493F34 /* Supporting Files */,
			);
			path = RefreshDemo;
			sourceTree = "<group>";
		};
		27360DB61CFD984300493F34 /* Supporting Files */ = {
			isa = PBXGroup;
			children = (
				27360DB71CFD984300493F34 /* main.m */,
			);
			name = "Supporting Files";
			sourceTree = "<group>";
		};
		27360DCF1CFD984300493F34 /* RefreshDemoTests */ = {
			isa = PBXGroup;
			children = (
				27360DD01CFD984300493F34 /* RefreshDemoTests.m */,
				27360DD21CFD984300493F34 /* Info.plist */,
			);
			path = RefreshDemoTests;
			sourceTree = "<group>";
		};
		27360DDA1CFD984300493F34 /* RefreshDemoUITests */ = {
			isa = PBXGroup;
			children = (
				27360DDB1CFD984300493F34 /* RefreshDemoUITests.m */,
				27360DDD1CFD984300493F34 /* Info.plist */,
			);
			path = RefreshDemoUITests;
			sourceTree = "<group>";
		};
/* End PBXGroup section */

/* Begin PBXNativeTarget section */
		27360DB21CFD984300493F34 /* RefreshDemo */ = {
			isa = PBXNativeTarget;
			buildConfigurationList = 27360DE01CFD984300493F34 /* Build configuration list for PBXNativeTarget "RefreshDemo" */;
			buildPhases = (
				27360DAF1CFD984300493F34 /* Sources */,
				27360DB01CFD984300493F34 /* Frameworks */,
				27360DB11CFD984300493F34 /* Resources */,
			);
			buildRules = (
			);
			dependencies = (
			);
			name = RefreshDemo;
			productName = RefreshDemo;
			productReference = 27360DB31CFD984300493F34 /* RefreshDemo.app */;
			productType = "com.apple.product-type.application";
		};
		27360DCB1CFD984300493F34 /* RefreshDemoTests */ = {
			isa = PBXNativeTarget;
			buildConfigurationList = 27360DE31CFD984300493F34 /* Build configuration list for PBXNativeTarget "RefreshDemoTests" */;
			buildPhases = (
				27360DC81CFD984300493F34 /* Sources */,
				27360DC91CFD984300493F34 /* Frameworks */,
				27360DCA1CFD984300493F34 /* Resources */,
			);
			buildRules = (
			);
			dependencies = (
				27360DCE1CFD984300493F34 /* PBXTargetDependency */,
			);
			name = RefreshDemoTests;
			productName = RefreshDemoTests;
			productReference = 27360DCC1CFD984300493F34 /* RefreshDemoTests.xctest */;
			productType = "com.apple.product-type.bundle.unit-test";
		};
		27360DD61CFD984300493F34 /* RefreshDemoUITests */ = {
			isa = PBXNativeTarget;
			buildConfigurationList = 27360DE61CFD984300493F34 /* Build configuration list for PBXNativeTarget "RefreshDemoUITests" */;
			buildPhases = (
				27360DD31CFD984300493F34 /* Sources */,
				27360DD41CFD984300493F34 /* Frameworks */,
				27360DD51CFD984300493F34 /* Resources */,
			);
			buildRules = (
			);
			dependencies = (
				27360DD91CFD984300493F34 /* PBXTargetDependency */,
			);
			name = RefreshDemoUITests;
			productName = RefreshDemoUITests;
			productReference = 27360DD71CFD984300493F34 /* RefreshDemoUITests.xctest */;
			productType = "com.apple.product-type.bundle.ui-testing";
		};
/* End PBXNativeTarget section */

/* Begin PBXProject section */
		27360DAB1CFD984300493F34 /* Project object */ = {
			isa = PBXProject;
			attributes = {
				LastUpgradeCheck = 0730;
				ORGANIZATIONNAME = WP_YK;
				TargetAttributes = {
					27360DB21CFD984300493F34 = {
						CreatedOnToolsVersion = 7.3;
					};
					27360DCB1CFD984300493F34 = {
						CreatedOnToolsVersion = 7.3;
						TestTargetID = 27360DB21CFD984300493F34;
					};
					27360DD61CFD984300493F34 = {
						CreatedOnToolsVersion = 7.3;
						TestTargetID = 27360DB21CFD984300493F34;
					};
				};
			};
			buildConfigurationList = 27360DAE1CFD984300493F34 /* Build configuration list for PBXProject "RefreshDemo" */;
			compatibilityVersion = "Xcode 3.2";
			developmentRegion = English;
			hasScannedForEncodings = 0;
			knownRegions = (
				en,
				Base,
			);
			mainGroup = 27360DAA1CFD984300493F34;
			productRefGroup = 27360DB41CFD984300493F34 /* Products */;
			projectDirPath = "";
			projectRoot = "";
			targets = (
				27360DB21CFD984300493F34 /* RefreshDemo */,
				27360DCB1CFD984300493F34 /* RefreshDemoTests */,
				27360DD61CFD984300493F34 /* RefreshDemoUITests */,
			);
		};
/* End PBXProject section */

/* Begin PBXResourcesBuildPhase section */
		27360DB11CFD984300493F34 /* Resources */ = {
			isa = PBXResourcesBuildPhase;
			buildActionMask = 2147483647;
			files = (
				27360DC61CFD984300493F34 /* LaunchScreen.storyboard in Resources */,
				27360DC31CFD984300493F34 /* Assets.xcassets in Resources */,
				27360DC11CFD984300493F34 /* Main.storyboard in Resources */,
			);
			runOnlyForDeploymentPostprocessing = 0;
		};
		27360DCA1CFD984300493F34 /* Resources */ = {
			isa = PBXResourcesBuildPhase;
			buildActionMask = 2147483647;
			files = (
			);
			runOnlyForDeploymentPostprocessing = 0;
		};
		27360DD51CFD984300493F34 /* Resources */ = {
			isa = PBXResourcesBuildPhase;
			buildActionMask = 2147483647;
			files = (
			);
			runOnlyForDeploymentPostprocessing = 0;
		};
/* End PBXResourcesBuildPhase section */

/* Begin PBXSourcesBuildPhase section */
		27360DAF1CFD984300493F34 /* Sources */ = {
			isa = PBXSourcesBuildPhase;
			buildActionMask = 2147483647;
			files = (
				27360DBE1CFD984300493F34 /* ViewController.m in Sources */,
				27360DBB1CFD984300493F34 /* AppDelegate.m in Sources */,
				27360DB81CFD984300493F34 /* main.m in Sources */,
			);
			runOnlyForDeploymentPostprocessing = 0;
		};
		27360DC81CFD984300493F34 /* Sources */ = {
			isa = PBXSourcesBuildPhase;
			buildActionMask = 2147483647;
			files = (
				27360DD11CFD984300493F34 /* RefreshDemoTests.m in Sources */,
			);
			runOnlyForDeploymentPostprocessing = 0;
		};
		27360DD31CFD984300493F34 /* Sources */ = {
			isa = PBXSourcesBuildPhase;
			buildActionMask = 2147483647;
			files = (
				27360DDC1CFD984300493F34 /* RefreshDemoUITests.m in Sources */,
			);
			runOnlyForDeploymentPostprocessing = 0;
		};
/* End PBXSourcesBuildPhase section */

/* Begin PBXTargetDependency section */
		27360DCE1CFD984300493F34 /* PBXTargetDependency */ = {
			isa = PBXTargetDependency;
			target = 27360DB21CFD984300493F34 /* RefreshDemo */;
			targetProxy = 27360DCD1CFD984300493F34 /* PBXContainerItemProxy */;
		};
		27360DD91CFD984300493F34 /* PBXTargetDependency */ = {
			isa = PBXTargetDependency;
			target = 27360DB21CFD984300493F34 /* RefreshDemo */;
			targetProxy = 27360DD81CFD984300493F34 /* PBXContainerItemProxy */;
		};
/* End PBXTargetDependency section */

/* Begin PBXVariantGroup section */
		27360DBF1CFD984300493F34 /* Main.storyboard */ = {
			isa = PBXVariantGroup;
			children = (
				27360DC01CFD984300493F34 /* Base */,
			);
			name = Main.storyboard;
			sourceTree = "<group>";
		};
		27360DC41CFD984300493F34 /* LaunchScreen.storyboard */ = {
			isa = PBXVariantGroup;
			children = (
				27360DC51CFD984300493F34 /* Base */,
			);
			name = LaunchScreen.storyboard;
			sourceTree = "<group>";
		};
/* End PBXVariantGroup section */

/* Begin XCBuildConfiguration section */
		27360DDE1CFD984300493F34 /* Debug */ = {
			isa = XCBuildConfiguration;
			buildSettings = {
				ALWAYS_SEARCH_USER_PATHS = NO;
				CLANG_ANALYZER_NONNULL = YES;
				CLANG_CXX_LANGUAGE_STANDARD = "gnu++0x";
				CLANG_CXX_LIBRARY = "libc++";
				CLANG_ENABLE_MODULES = YES;
				CLANG_ENABLE_OBJC_ARC = YES;
				CLANG_WARN_BOOL_CONVERSION = YES;
				CLANG_WARN_CONSTANT_CONVERSION = YES;
				CLANG_WARN_DIRECT_OBJC_ISA_USAGE = YES_ERROR;
				CLANG_WARN_EMPTY_BODY = YES;
				CLANG_WARN_ENUM_CONVERSION = YES;
				CLANG_WARN_INT_CONVERSION = YES;
				CLANG_WARN_OBJC_ROOT_CLASS = YES_ERROR;
				CLANG_WARN_UNREACHABLE_CODE = YES;
				CLANG_WARN__DUPLICATE_METHOD_MATCH = YES;
				"CODE_SIGN_IDENTITY[sdk=iphoneos*]" = "iPhone Developer";
				COPY_PHASE_STRIP = NO;
				DEBUG_INFORMATION_FORMAT = dwarf;
				ENABLE_STRICT_OBJC_MSGSEND = YES;
				ENABLE_TESTABILITY = YES;
				GCC_C_LANGUAGE_STANDARD = gnu99;
				GCC_DYNAMIC_NO_PIC = NO;
				GCC_NO_COMMON_BLOCKS = YES;
				GCC_OPTIMIZATION_LEVEL = 0;
				GCC_PREPROCESSOR_DEFINITIONS = (
					"DEBUG=1",
					"$(inherited)",
				);
				GCC_WARN_64_TO_32_BIT_CONVERSION = YES;
				GCC_WARN_ABOUT_RETURN_TYPE = YES_ERROR;
				GCC_WARN_UNDECLARED_SELECTOR = YES;
				GCC_WARN_UNINITIALIZED_AUTOS = YES_AGGRESSIVE;
				GCC_WARN_UNUSED_FUNCTION = YES;
				GCC_WARN_UNUSED_VARIABLE = YES;
				IPHONEOS_DEPLOYMENT_TARGET = 9.3;
				MTL_ENABLE_DEBUG_INFO = YES;
				ONLY_ACTIVE_ARCH = YES;
				SDKROOT = iphoneos;
				TARGETED_DEVICE_FAMILY = "1,2";
			};
			name = Debug;
		};
		27360DDF1CFD984300493F34 /* Release */ = {
			isa = XCBuildConfiguration;
			buildSettings = {
				ALWAYS_SEARCH_USER_PATHS = NO;
				CLANG_ANALYZER_NONNULL = YES;
				CLANG_CXX_LANGUAGE_STANDARD = "gnu++0x";
				CLANG_CXX_LIBRARY = "libc++";
				CLANG_ENABLE_MODULES = YES;
				CLANG_ENABLE_OBJC_ARC = YES;
				CLANG_WARN_BOOL_CONVERSION = YES;
				CLANG_WARN_CONSTANT_CONVERSION = YES;
				CLANG_WARN_DIRECT_OBJC_ISA_USAGE = YES_ERROR;
				CLANG_WARN_EMPTY_BODY = YES;
				CLANG_WARN_ENUM_CONVERSION = YES;
				CLANG_WARN_INT_CONVERSION = YES;
				CLANG_WARN_OBJC_ROOT_CLASS = YES_ERROR;
				CLANG_WARN_UNREACHABLE_CODE = YES;
				CLANG_WARN__DUPLICATE_METHOD_MATCH = YES;
				"CODE_SIGN_IDENTITY[sdk=iphoneos*]" = "iPhone Developer";
				COPY_PHASE_STRIP = NO;
				DEBUG_INFORMATION_FORMAT = "dwarf-with-dsym";
				ENABLE_NS_ASSERTIONS = NO;
				ENABLE_STRICT_OBJC_MSGSEND = YES;
				GCC_C_LANGUAGE_STANDARD = gnu99;
				GCC_NO_COMMON_BLOCKS = YES;
				GCC_WARN_64_TO_32_BIT_CONVERSION = YES;
				GCC_WARN_ABOUT_RETURN_TYPE = YES_ERROR;
				GCC_WARN_UNDECLARED_SELECTOR = YES;
				GCC_WARN_UNINITIALIZED_AUTOS = YES_AGGRESSIVE;
				GCC_WARN_UNUSED_FUNCTION = YES;
				GCC_WARN_UNUSED_VARIABLE = YES;
				IPHONEOS_DEPLOYMENT_TARGET = 9.3;
				MTL_ENABLE_DEBUG_INFO = NO;
				SDKROOT = iphoneos;
				TARGETED_DEVICE_FAMILY = "1,2";
				VALIDATE_PRODUCT = YES;
			};
			name = Release;
		};
		27360DE11CFD984300493F34 /* Debug */ = {
			isa = XCBuildConfiguration;
			buildSettings = {
				ASSETCATALOG_COMPILER_APPICON_NAME = AppIcon;
				INFOPLIST_FILE = RefreshDemo/Info.plist;
				LD_RUNPATH_SEARCH_PATHS = "$(inherited) @executable_path/Frameworks";
				PRODUCT_BUNDLE_IDENTIFIER = YK.RefreshDemo;
				PRODUCT_NAME = "$(TARGET_NAME)";
			};
			name = Debug;
		};
		27360DE21CFD984300493F34 /* Release */ = {
			isa = XCBuildConfiguration;
			buildSettings = {
				ASSETCATALOG_COMPILER_APPICON_NAME = AppIcon;
				INFOPLIST_FILE = RefreshDemo/Info.plist;
				LD_RUNPATH_SEARCH_PATHS = "$(inherited) @executable_path/Frameworks";
				PRODUCT_BUNDLE_IDENTIFIER = YK.RefreshDemo;
				PRODUCT_NAME = "$(TARGET_NAME)";
			};
			name = Release;
		};
		27360DE41CFD984300493F34 /* Debug */ = {
			isa = XCBuildConfiguration;
			buildSettings = {
				BUNDLE_LOADER = "$(TEST_HOST)";
				INFOPLIST_FILE = RefreshDemoTests/Info.plist;
				LD_RUNPATH_SEARCH_PATHS = "$(inherited) @executable_path/Frameworks @loader_path/Frameworks";
				PRODUCT_BUNDLE_IDENTIFIER = YK.RefreshDemoTests;
				PRODUCT_NAME = "$(TARGET_NAME)";
				TEST_HOST = "$(BUILT_PRODUCTS_DIR)/RefreshDemo.app/RefreshDemo";
			};
			name = Debug;
		};
		27360DE51CFD984300493F34 /* Release */ = {
			isa = XCBuildConfiguration;
			buildSettings = {
				BUNDLE_LOADER = "$(TEST_HOST)";
				INFOPLIST_FILE = RefreshDemoTests/Info.plist;
				LD_RUNPATH_SEARCH_PATHS = "$(inherited) @executable_path/Frameworks @loader_path/Frameworks";
				PRODUCT_BUNDLE_IDENTIFIER = YK.RefreshDemoTests;
				PRODUCT_NAME = "$(TARGET_NAME)";
				TEST_HOST = "$(BUILT_PRODUCTS_DIR)/RefreshDemo.app/RefreshDemo";
			};
			name = Release;
		};
		27360DE71CFD984300493F34 /* Debug */ = {
			isa = XCBuildConfiguration;
			buildSettings = {
				INFOPLIST_FILE = RefreshDemoUITests/Info.plist;
				LD_RUNPATH_SEARCH_PATHS = "$(inherited) @executable_path/Frameworks @loader_path/Frameworks";
				PRODUCT_BUNDLE_IDENTIFIER = YK.RefreshDemoUITests;
				PRODUCT_NAME = "$(TARGET_NAME)";
				TEST_TARGET_NAME = RefreshDemo;
			};
			name = Debug;
		};
		27360DE81CFD984300493F34 /* Release */ = {
			isa = XCBuildConfiguration;
			buildSettings = {
				INFOPLIST_FILE = RefreshDemoUITests/Info.plist;
				LD_RUNPATH_SEARCH_PATHS = "$(inherited) @executable_path/Frameworks @loader_path/Frameworks";
				PRODUCT_BUNDLE_IDENTIFIER = YK.RefreshDemoUITests;
				PRODUCT_NAME = "$(TARGET_NAME)";
				TEST_TARGET_NAME = RefreshDemo;
			};
			name = Release;
		};
/* End XCBuildConfiguration section */

/* Begin XCConfigurationList section */
		27360DAE1CFD984300493F34 /* Build configuration list for PBXProject "RefreshDemo" */ = {
			isa = XCConfigurationList;
			buildConfigurations = (
				27360DDE1CFD984300493F34 /* Debug */,
				27360DDF1CFD984300493F34 /* Release */,
			);
			defaultConfigurationIsVisible = 0;
			defaultConfigurationName = Release;
		};
		27360DE01CFD984300493F34 /* Build configuration list for PBXNativeTarget "RefreshDemo" */ = {
			isa = XCConfigurationList;
			buildConfigurations = (
				27360DE11CFD984300493F34 /* Debug */,
				27360DE21CFD984300493F34 /* Release */,
			);
			defaultConfigurationIsVisible = 0;
		};
		27360DE31CFD984300493F34 /* Build configuration list for PBXNativeTarget "RefreshDemoTests" */ = {
			isa = XCConfigurationList;
			buildConfigurations = (
				27360DE41CFD984300493F34 /* Debug */,
				27360DE51CFD984300493F34 /* Release */,
			);
			defaultConfigurationIsVisible = 0;
		};
		27360DE61CFD984300493F34 /* Build configuration list for PBXNativeTarget "RefreshDemoUITests" */ = {
			isa = XCConfigurationList;
			buildConfigurations = (
				27360DE71CFD984300493F34 /* Debug */,
				27360DE81CFD984300493F34 /* Release */,
			);
			defaultConfigurationIsVisible = 0;
		};
/* End XCConfigurationList section */
	};
	rootObject = 27360DAB1CFD984300493F34 /* Project object */;
}
